
Microsoft Visual Studio Solution File, Format Version 12.00
# Visual Studio Version 17
VisualStudioVersion = 17.8.34309.116
MinimumVisualStudioVersion = 10.0.40219.1
Project("{9A19103F-16F7-4668-BE54-9A1E7A4F7556}") = "Cronotus", "Cronotus.csproj", "{6493E7E0-996E-49B9-BF75-A96100F000C3}"
EndProject
Project("{9A19103F-16F7-4668-BE54-9A1E7A4F7556}") = "Contracts", "..\Contracts\Contracts.csproj", "{5032A5FE-0E8F-4BCC-AF2E-7E6A2845C371}"
EndProject
Project("{9A19103F-16F7-4668-BE54-9A1E7A4F7556}") = "LoggerService", "..\LoggerService\LoggerService.csproj", "{83E7F599-C99C-4531-8C1A-96B19A015BE4}"
EndProject
Project("{9A19103F-16F7-4668-BE54-9A1E7A4F7556}") = "Entities", "..\Entities\Entities.csproj", "{7D509F07-84BC-4590-BC8E-BE003E9A6AF4}"
EndProject
Project("{9A19103F-16F7-4668-BE54-9A1E7A4F7556}") = "Repository", "..\Repository\Repository.csproj", "{6D0183A4-EC8D-4776-865D-B90B47596535}"
EndProject
Project("{9A19103F-16F7-4668-BE54-9A1E7A4F7556}") = "Service", "..\Service\Service.csproj", "{A5B022D8-54D3-4762-93EC-43C1DEB183DB}"
EndProject
Project("{9A19103F-16F7-4668-BE54-9A1E7A4F7556}") = "Service.Contracts", "..\Service.Contracts\Service.Contracts.csproj", "{2DC76FDE-59B0-4496-A94A-665F3D26E01B}"
EndProject
Project("{9A19103F-16F7-4668-BE54-9A1E7A4F7556}") = "Cronotus.Presentation", "..\Cronotus.Presentation\Cronotus.Presentation.csproj", "{1074C587-9746-4D8F-B0AC-B53F89C6F34F}"
EndProject
Project("{9A19103F-16F7-4668-BE54-9A1E7A4F7556}") = "Shared", "..\Shared\Shared.csproj", "{D42F1151-A6CC-4857-8FFE-65A7DDF0C0ED}"
EndProject
Project("{FAE04EC0-301F-11D3-BF4B-00C04F79EFBC}") = "BlobService", "..\BlobService\BlobService.csproj", "{1FC1676B-DE60-43EA-B8CC-93F75A70F73A}"
EndProject
Global
	GlobalSection(SolutionConfigurationPlatforms) = preSolution
		Debug|Any CPU = Debug|Any CPU
		Release|Any CPU = Release|Any CPU
	EndGlobalSection
	GlobalSection(ProjectConfigurationPlatforms) = postSolution
		{6493E7E0-996E-49B9-BF75-A96100F000C3}.Debug|Any CPU.ActiveCfg = Debug|Any CPU
		{6493E7E0-996E-49B9-BF75-A96100F000C3}.Debug|Any CPU.Build.0 = Debug|Any CPU
		{6493E7E0-996E-49B9-BF75-A96100F000C3}.Release|Any CPU.ActiveCfg = Release|Any CPU
		{6493E7E0-996E-49B9-BF75-A96100F000C3}.Release|Any CPU.Build.0 = Release|Any CPU
		{5032A5FE-0E8F-4BCC-AF2E-7E6A2845C371}.Debug|Any CPU.ActiveCfg = Debug|Any CPU
		{5032A5FE-0E8F-4BCC-AF2E-7E6A2845C371}.Debug|Any CPU.Build.0 = Debug|Any CPU
		{5032A5FE-0E8F-4BCC-AF2E-7E6A2845C371}.Release|Any CPU.ActiveCfg = Release|Any CPU
		{5032A5FE-0E8F-4BCC-AF2E-7E6A2845C371}.Release|Any CPU.Build.0 = Release|Any CPU
		{83E7F599-C99C-4531-8C1A-96B19A015BE4}.Debug|Any CPU.ActiveCfg = Debug|Any CPU
		{83E7F599-C99C-4531-8C1A-96B19A015BE4}.Debug|Any CPU.Build.0 = Debug|Any CPU
		{83E7F599-C99C-4531-8C1A-96B19A015BE4}.Release|Any CPU.ActiveCfg = Release|Any CPU
		{83E7F599-C99C-4531-8C1A-96B19A015BE4}.Release|Any CPU.Build.0 = Release|Any CPU
		{7D509F07-84BC-4590-BC8E-BE003E9A6AF4}.Debug|Any CPU.ActiveCfg = Debug|Any CPU
		{7D509F07-84BC-4590-BC8E-BE003E9A6AF4}.Debug|Any CPU.Build.0 = Debug|Any CPU
		{7D509F07-84BC-4590-BC8E-BE003E9A6AF4}.Release|Any CPU.ActiveCfg = Release|Any CPU
		{7D509F07-84BC-4590-BC8E-BE003E9A6AF4}.Release|Any CPU.Build.0 = Release|Any CPU
		{6D0183A4-EC8D-4776-865D-B90B47596535}.Debug|Any CPU.ActiveCfg = Debug|Any CPU
		{6D0183A4-EC8D-4776-865D-B90B47596535}.Debug|Any CPU.Build.0 = Debug|Any CPU
		{6D0183A4-EC8D-4776-865D-B90B47596535}.Release|Any CPU.ActiveCfg = Release|Any CPU
		{6D0183A4-EC8D-4776-865D-B90B47596535}.Release|Any CPU.Build.0 = Release|Any CPU
		{A5B022D8-54D3-4762-93EC-43C1DEB183DB}.Debug|Any CPU.ActiveCfg = Debug|Any CPU
		{A5B022D8-54D3-4762-93EC-43C1DEB183DB}.Debug|Any CPU.Build.0 = Debug|Any CPU
		{A5B022D8-54D3-4762-93EC-43C1DEB183DB}.Release|Any CPU.ActiveCfg = Release|Any CPU
		{A5B022D8-54D3-4762-93EC-43C1DEB183DB}.Release|Any CPU.Build.0 = Release|Any CPU
		{2DC76FDE-59B0-4496-A94A-665F3D26E01B}.Debug|Any CPU.ActiveCfg = Debug|Any CPU
		{2DC76FDE-59B0-4496-A94A-665F3D26E01B}.Debug|Any CPU.Build.0 = Debug|Any CPU
		{2DC76FDE-59B0-4496-A94A-665F3D26E01B}.Release|Any CPU.ActiveCfg = Release|Any CPU
		{2DC76FDE-59B0-4496-A94A-665F3D26E01B}.Release|Any CPU.Build.0 = Release|Any CPU
		{1074C587-9746-4D8F-B0AC-B53F89C6F34F}.Debug|Any CPU.ActiveCfg = Debug|Any CPU
		{1074C587-9746-4D8F-B0AC-B53F89C6F34F}.Debug|Any CPU.Build.0 = Debug|Any CPU
		{1074C587-9746-4D8F-B0AC-B53F89C6F34F}.Release|Any CPU.ActiveCfg = Release|Any CPU
		{1074C587-9746-4D8F-B0AC-B53F89C6F34F}.Release|Any CPU.Build.0 = Release|Any CPU
		{D42F1151-A6CC-4857-8FFE-65A7DDF0C0ED}.Debug|Any CPU.ActiveCfg = Debug|Any CPU
		{D42F1151-A6CC-4857-8FFE-65A7DDF0C0ED}.Debug|Any CPU.Build.0 = Debug|Any CPU
		{D42F1151-A6CC-4857-8FFE-65A7DDF0C0ED}.Release|Any CPU.ActiveCfg = Release|Any CPU
		{D42F1151-A6CC-4857-8FFE-65A7DDF0C0ED}.Release|Any CPU.Build.0 = Release|Any CPU
		{1FC1676B-DE60-43EA-B8CC-93F75A70F73A}.Debug|Any CPU.ActiveCfg = Debug|Any CPU
		{1FC1676B-DE60-43EA-B8CC-93F75A70F73A}.Debug|Any CPU.Build.0 = Debug|Any CPU
		{1FC1676B-DE60-43EA-B8CC-93F75A70F73A}.Release|Any CPU.ActiveCfg = Release|Any CPU
		{1FC1676B-DE60-43EA-B8CC-93F75A70F73A}.Release|Any CPU.Build.0 = Release|Any CPU
	EndGlobalSection
	GlobalSection(SolutionProperties) = preSolution
		HideSolutionNode = FALSE
	EndGlobalSection
	GlobalSection(ExtensibilityGlobals) = postSolution
		SolutionGuid = {99530129-562C-4046-BD53-1ADE0B2AC463}
	EndGlobalSection
EndGlobal
